
Microsoft Visual Studio Solution File, Format Version 12.00
# Visual Studio 15
VisualStudioVersion = 15.0.28010.2003
MinimumVisualStudioVersion = 10.0.40219.1
Project("{2150E333-8FDC-42A3-9474-1A3956D46DE8}") = "Parkeringspladsen", "Parkeringspladsen", "{3EBB7BD5-5310-4924-BAA7-A5A91AEBC3EC}"
EndProject
Project("{FAE04EC0-301F-11D3-BF4B-00C04F79EFBC}") = "BusinessLogic", "Parkeringspladsen\BusinessLogic\BusinessLogic.csproj", "{58AC56A4-4F87-4B89-9821-1512892CA9E6}"
EndProject
Project("{FAE04EC0-301F-11D3-BF4B-00C04F79EFBC}") = "TestFixture", "Parkeringspladsen\TestFixture\TestFixture.csproj", "{A59BA82F-29E6-41FB-BE01-DAD60CD2FE4E}"
EndProject
Project("{FAE04EC0-301F-11D3-BF4B-00C04F79EFBC}") = "CrossCut", "Parkeringspladsen\CrossCut\CrossCut.csproj", "{ECFD6E18-A7F8-40A7-823C-7F074046E5B9}"
EndProject
Project("{FAE04EC0-301F-11D3-BF4B-00C04F79EFBC}") = "BusinessLogicTest", "BusinessLogicTest\BusinessLogicTest.csproj", "{CFEBDD46-2B9F-494A-AF27-5DBC7B8A650D}"
EndProject
Global
	GlobalSection(SolutionConfigurationPlatforms) = preSolution
		Debug|Any CPU = Debug|Any CPU
		Release|Any CPU = Release|Any CPU
	EndGlobalSection
	GlobalSection(ProjectConfigurationPlatforms) = postSolution
		{58AC56A4-4F87-4B89-9821-1512892CA9E6}.Debug|Any CPU.ActiveCfg = Debug|Any CPU
		{58AC56A4-4F87-4B89-9821-1512892CA9E6}.Debug|Any CPU.Build.0 = Debug|Any CPU
		{58AC56A4-4F87-4B89-9821-1512892CA9E6}.Release|Any CPU.ActiveCfg = Release|Any CPU
		{58AC56A4-4F87-4B89-9821-1512892CA9E6}.Release|Any CPU.Build.0 = Release|Any CPU
		{A59BA82F-29E6-41FB-BE01-DAD60CD2FE4E}.Debug|Any CPU.ActiveCfg = Debug|Any CPU
		{A59BA82F-29E6-41FB-BE01-DAD60CD2FE4E}.Debug|Any CPU.Build.0 = Debug|Any CPU
		{A59BA82F-29E6-41FB-BE01-DAD60CD2FE4E}.Release|Any CPU.ActiveCfg = Release|Any CPU
		{A59BA82F-29E6-41FB-BE01-DAD60CD2FE4E}.Release|Any CPU.Build.0 = Release|Any CPU
		{ECFD6E18-A7F8-40A7-823C-7F074046E5B9}.Debug|Any CPU.ActiveCfg = Debug|Any CPU
		{ECFD6E18-A7F8-40A7-823C-7F074046E5B9}.Debug|Any CPU.Build.0 = Debug|Any CPU
		{ECFD6E18-A7F8-40A7-823C-7F074046E5B9}.Release|Any CPU.ActiveCfg = Release|Any CPU
		{ECFD6E18-A7F8-40A7-823C-7F074046E5B9}.Release|Any CPU.Build.0 = Release|Any CPU
		{CFEBDD46-2B9F-494A-AF27-5DBC7B8A650D}.Debug|Any CPU.ActiveCfg = Debug|Any CPU
		{CFEBDD46-2B9F-494A-AF27-5DBC7B8A650D}.Debug|Any CPU.Build.0 = Debug|Any CPU
		{CFEBDD46-2B9F-494A-AF27-5DBC7B8A650D}.Release|Any CPU.ActiveCfg = Release|Any CPU
		{CFEBDD46-2B9F-494A-AF27-5DBC7B8A650D}.Release|Any CPU.Build.0 = Release|Any CPU
	EndGlobalSection
	GlobalSection(SolutionProperties) = preSolution
		HideSolutionNode = FALSE
	EndGlobalSection
	GlobalSection(NestedProjects) = preSolution
		{58AC56A4-4F87-4B89-9821-1512892CA9E6} = {3EBB7BD5-5310-4924-BAA7-A5A91AEBC3EC}
		{A59BA82F-29E6-41FB-BE01-DAD60CD2FE4E} = {3EBB7BD5-5310-4924-BAA7-A5A91AEBC3EC}
		{ECFD6E18-A7F8-40A7-823C-7F074046E5B9} = {3EBB7BD5-5310-4924-BAA7-A5A91AEBC3EC}
		{CFEBDD46-2B9F-494A-AF27-5DBC7B8A650D} = {3EBB7BD5-5310-4924-BAA7-A5A91AEBC3EC}
	EndGlobalSection
	GlobalSection(ExtensibilityGlobals) = postSolution
		SolutionGuid = {F4971468-4FF3-4F7F-A783-3CDE6741FF3D}
	EndGlobalSection
EndGlobal
